
Microsoft Visual Studio Solution File, Format Version 12.00
# Visual Studio Version 17
VisualStudioVersion = 17.0.32014.148
MinimumVisualStudioVersion = 10.0.40219.1
Project("{FAE04EC0-301F-11D3-BF4B-00C04F79EFBC}") = "ChatDemo.Server", "ChatDemo.Server\ChatDemo.Server.csproj", "{ABD1DFDC-0C5F-45AA-A270-A41644146A20}"
EndProject
Project("{FAE04EC0-301F-11D3-BF4B-00C04F79EFBC}") = "ChatDemo.Client", "ChatDemo.Client\ChatDemo.Client.csproj", "{FD966865-31DB-4C85-8DB8-C0A7EA0374F5}"
EndProject
Global
	GlobalSection(SolutionConfigurationPlatforms) = preSolution
		Debug|Any CPU = Debug|Any CPU
		Release|Any CPU = Release|Any CPU
	EndGlobalSection
	GlobalSection(ProjectConfigurationPlatforms) = postSolution
		{ABD1DFDC-0C5F-45AA-A270-A41644146A20}.Debug|Any CPU.ActiveCfg = Debug|Any CPU
		{ABD1DFDC-0C5F-45AA-A270-A41644146A20}.Debug|Any CPU.Build.0 = Debug|Any CPU
		{ABD1DFDC-0C5F-45AA-A270-A41644146A20}.Release|Any CPU.ActiveCfg = Release|Any CPU
		{ABD1DFDC-0C5F-45AA-A270-A41644146A20}.Release|Any CPU.Build.0 = Release|Any CPU
		{FD966865-31DB-4C85-8DB8-C0A7EA0374F5}.Debug|Any CPU.ActiveCfg = Debug|Any CPU
		{FD966865-31DB-4C85-8DB8-C0A7EA0374F5}.Debug|Any CPU.Build.0 = Debug|Any CPU
		{FD966865-31DB-4C85-8DB8-C0A7EA0374F5}.Release|Any CPU.ActiveCfg = Release|Any CPU
		{FD966865-31DB-4C85-8DB8-C0A7EA0374F5}.Release|Any CPU.Build.0 = Release|Any CPU
	EndGlobalSection
	GlobalSection(SolutionProperties) = preSolution
		HideSolutionNode = FALSE
	EndGlobalSection
	GlobalSection(ExtensibilityGlobals) = postSolution
		SolutionGuid = {DD8D8023-E248-4B5F-BC49-3083B53CC6DB}
	EndGlobalSection
EndGlobal
